
Microsoft Visual Studio Solution File, Format Version 12.00
# Visual Studio Version 16
VisualStudioVersion = 16.0.29709.97
MinimumVisualStudioVersion = 10.0.40219.1
Project("{FAE04EC0-301F-11D3-BF4B-00C04F79EFBC}") = "LibraryTerminal", "LibraryTerminal\LibraryTerminal.csproj", "{573EA49B-599B-482E-ADFF-AD184A767163}"
EndProject
Global
	GlobalSection(SolutionConfigurationPlatforms) = preSolution
		Debug|Any CPU = Debug|Any CPU
		Release|Any CPU = Release|Any CPU
	EndGlobalSection
	GlobalSection(ProjectConfigurationPlatforms) = postSolution
		{573EA49B-599B-482E-ADFF-AD184A767163}.Debug|Any CPU.ActiveCfg = Debug|Any CPU
		{573EA49B-599B-482E-ADFF-AD184A767163}.Debug|Any CPU.Build.0 = Debug|Any CPU
		{573EA49B-599B-482E-ADFF-AD184A767163}.Release|Any CPU.ActiveCfg = Release|Any CPU
		{573EA49B-599B-482E-ADFF-AD184A767163}.Release|Any CPU.Build.0 = Release|Any CPU
	EndGlobalSection
	GlobalSection(SolutionProperties) = preSolution
		HideSolutionNode = FALSE
	EndGlobalSection
	GlobalSection(ExtensibilityGlobals) = postSolution
		SolutionGuid = {8C25BB0C-6C14-4A26-956D-C3C678113914}
	EndGlobalSection
EndGlobal
